
Microsoft Visual Studio Solution File, Format Version 12.00
# Visual Studio Version 17
VisualStudioVersion = 17.6.33723.286
MinimumVisualStudioVersion = 10.0.40219.1
Project("{FAE04EC0-301F-11D3-BF4B-00C04F79EFBC}") = "AlmacenCadena", "AlmacenCadena\AlmacenCadena.csproj", "{3FA58BA5-385F-4C60-9F26-BC4933524972}"
EndProject
Global
	GlobalSection(SolutionConfigurationPlatforms) = preSolution
		Debug|Any CPU = Debug|Any CPU
		Release|Any CPU = Release|Any CPU
	EndGlobalSection
	GlobalSection(ProjectConfigurationPlatforms) = postSolution
		{3FA58BA5-385F-4C60-9F26-BC4933524972}.Debug|Any CPU.ActiveCfg = Debug|Any CPU
		{3FA58BA5-385F-4C60-9F26-BC4933524972}.Debug|Any CPU.Build.0 = Debug|Any CPU
		{3FA58BA5-385F-4C60-9F26-BC4933524972}.Release|Any CPU.ActiveCfg = Release|Any CPU
		{3FA58BA5-385F-4C60-9F26-BC4933524972}.Release|Any CPU.Build.0 = Release|Any CPU
	EndGlobalSection
	GlobalSection(SolutionProperties) = preSolution
		HideSolutionNode = FALSE
	EndGlobalSection
	GlobalSection(ExtensibilityGlobals) = postSolution
		SolutionGuid = {D28D7254-1D08-4C7A-9E57-FF58DBE8D685}
	EndGlobalSection
EndGlobal
